
Microsoft Visual Studio Solution File, Format Version 12.00
# Visual Studio Version 17
VisualStudioVersion = 17.2.32516.85
MinimumVisualStudioVersion = 10.0.40219.1
Project("{2150E333-8FDC-42A3-9474-1A3956D46DE8}") = "Task0", "Task0", "{3F6B807D-6082-4698-BDBC-F4B93308C276}"
EndProject
Project("{FAE04EC0-301F-11D3-BF4B-00C04F79EFBC}") = "Tyuiu.VyazovES.Sprint0.Task0.V0", "Tyuiu.VyazovES.Sprint0.Task0.V0\Tyuiu.VyazovES.Sprint0.Task0.V0.csproj", "{658C7B8D-826B-4EDF-8C62-AAF10DEE70E1}"
EndProject
Project("{2150E333-8FDC-42A3-9474-1A3956D46DE8}") = "Task1", "Task1", "{26F94DC8-60B8-4CFF-A75C-19DB9AF6DA61}"
EndProject
Project("{FAE04EC0-301F-11D3-BF4B-00C04F79EFBC}") = "Tyuiu.VyazovES.Sprint0.Task1.V0", "Tyuiu.VyazovES.Sprint0.Task1.V0\Tyuiu.VyazovES.Sprint0.Task1.V0.csproj", "{27BDD43E-1F76-4688-8894-F0AC2814E1D8}"
EndProject
Global
	GlobalSection(SolutionConfigurationPlatforms) = preSolution
		Debug|Any CPU = Debug|Any CPU
		Release|Any CPU = Release|Any CPU
	EndGlobalSection
	GlobalSection(ProjectConfigurationPlatforms) = postSolution
		{658C7B8D-826B-4EDF-8C62-AAF10DEE70E1}.Debug|Any CPU.ActiveCfg = Debug|Any CPU
		{658C7B8D-826B-4EDF-8C62-AAF10DEE70E1}.Debug|Any CPU.Build.0 = Debug|Any CPU
		{658C7B8D-826B-4EDF-8C62-AAF10DEE70E1}.Release|Any CPU.ActiveCfg = Release|Any CPU
		{658C7B8D-826B-4EDF-8C62-AAF10DEE70E1}.Release|Any CPU.Build.0 = Release|Any CPU
		{27BDD43E-1F76-4688-8894-F0AC2814E1D8}.Debug|Any CPU.ActiveCfg = Debug|Any CPU
		{27BDD43E-1F76-4688-8894-F0AC2814E1D8}.Debug|Any CPU.Build.0 = Debug|Any CPU
		{27BDD43E-1F76-4688-8894-F0AC2814E1D8}.Release|Any CPU.ActiveCfg = Release|Any CPU
		{27BDD43E-1F76-4688-8894-F0AC2814E1D8}.Release|Any CPU.Build.0 = Release|Any CPU
	EndGlobalSection
	GlobalSection(SolutionProperties) = preSolution
		HideSolutionNode = FALSE
	EndGlobalSection
	GlobalSection(NestedProjects) = preSolution
		{658C7B8D-826B-4EDF-8C62-AAF10DEE70E1} = {3F6B807D-6082-4698-BDBC-F4B93308C276}
		{27BDD43E-1F76-4688-8894-F0AC2814E1D8} = {26F94DC8-60B8-4CFF-A75C-19DB9AF6DA61}
	EndGlobalSection
	GlobalSection(ExtensibilityGlobals) = postSolution
		SolutionGuid = {99534536-63E2-4B67-A291-EF46B1AE517C}
	EndGlobalSection
EndGlobal
