
Microsoft Visual Studio Solution File, Format Version 12.00
# Visual Studio Version 17
VisualStudioVersion = 17.2.32516.85
MinimumVisualStudioVersion = 10.0.40219.1
Project("{2150E333-8FDC-42A3-9474-1A3956D46DE8}") = "Task0", "Task0", "{3F6B807D-6082-4698-BDBC-F4B93308C276}"
EndProject
Project("{FAE04EC0-301F-11D3-BF4B-00C04F79EFBC}") = "Tyuiu.VyazovES.Sprint0.Task0.V0", "Tyuiu.VyazovES.Sprint0.Task0.V0\Tyuiu.VyazovES.Sprint0.Task0.V0.csproj", "{658C7B8D-826B-4EDF-8C62-AAF10DEE70E1}"
EndProject
Project("{2150E333-8FDC-42A3-9474-1A3956D46DE8}") = "Task1", "Task1", "{26F94DC8-60B8-4CFF-A75C-19DB9AF6DA61}"
EndProject
Project("{FAE04EC0-301F-11D3-BF4B-00C04F79EFBC}") = "Tyuiu.VyazovES.Sprint0.Task1.V0", "Tyuiu.VyazovES.Sprint0.Task1.V0\Tyuiu.VyazovES.Sprint0.Task1.V0.csproj", "{27BDD43E-1F76-4688-8894-F0AC2814E1D8}"
EndProject
Project("{2150E333-8FDC-42A3-9474-1A3956D46DE8}") = "Task2", "Task2", "{E35E7EE3-8C24-4811-A380-95C8E1979E7A}"
EndProject
Project("{FAE04EC0-301F-11D3-BF4B-00C04F79EFBC}") = "Tyuiu.VyazovES.Sprint0.Task2.V0", "Tyuiu.VyazovES.Sprint0.Task2.V0\Tyuiu.VyazovES.Sprint0.Task2.V0.csproj", "{47C63FE3-D582-4658-B8F3-74FD5B3244F6}"
EndProject
Project("{FAE04EC0-301F-11D3-BF4B-00C04F79EFBC}") = "Tyuiu.VyazovES.Sprint0.Task2.V0.Lib", "Tyuiu.VyazovES.Sprint0.Task2.V0.Lib\Tyuiu.VyazovES.Sprint0.Task2.V0.Lib.csproj", "{E83BBE19-ABB4-4969-9238-FA890B9B9B6D}"
EndProject
Project("{FAE04EC0-301F-11D3-BF4B-00C04F79EFBC}") = "Tyuiu.VyazovES.Sprint0.Task2.V0.Test", "Tyuiu.VyazovES.Sprint0.Task2.V0.Test\Tyuiu.VyazovES.Sprint0.Task2.V0.Test.csproj", "{C1BA9F95-0CDA-4AAC-B915-4E59C34D41A0}"
EndProject
Project("{2150E333-8FDC-42A3-9474-1A3956D46DE8}") = "Task3", "Task3", "{ED054F71-D5F2-4E60-955C-E8FCC182E116}"
EndProject
Project("{FAE04EC0-301F-11D3-BF4B-00C04F79EFBC}") = "Tyuiu.VyazovES.Sprint0.Task3.V0", "Tyuiu.VyazovES.Sprint0.Task3.V0\Tyuiu.VyazovES.Sprint0.Task3.V0.csproj", "{7F98F3B7-5AA8-4934-AD16-4682B2D276B4}"
EndProject
Project("{FAE04EC0-301F-11D3-BF4B-00C04F79EFBC}") = "Tyuiu.VyazovES.Sprint0.Task3.V0.Lib", "Tyuiu.VyazovES.Sprint0.Task3.V0.Lib\Tyuiu.VyazovES.Sprint0.Task3.V0.Lib.csproj", "{C5A8AD38-4D3F-441D-B894-5D119AB83BD7}"
EndProject
Project("{FAE04EC0-301F-11D3-BF4B-00C04F79EFBC}") = "Tyuiu.VyazovES.Sprint0.Task3.V0.Test", "Tyuiu.VyazovES.Sprint0.Task3.V0.Test\Tyuiu.VyazovES.Sprint0.Task3.V0.Test.csproj", "{4AE2C770-E463-4F1E-A33E-1024834BC3C6}"
EndProject
Project("{2150E333-8FDC-42A3-9474-1A3956D46DE8}") = "Task4", "Task4", "{99D4F24E-959B-403D-9427-E12421593673}"
EndProject
Project("{FAE04EC0-301F-11D3-BF4B-00C04F79EFBC}") = "Tyuiu.VyazovES.Sprint0.Task4.V0", "Tyuiu.VyazovES.Sprint0.Task4.V0\Tyuiu.VyazovES.Sprint0.Task4.V0.csproj", "{CF8F4D73-917B-4E47-B206-DC76E96C2629}"
EndProject
Project("{FAE04EC0-301F-11D3-BF4B-00C04F79EFBC}") = "Tyuiu.VyazovES.Sprint0.Task4.V0.Lib", "Tyuiu.VyazovES.Sprint0.Task4.V0.Lib\Tyuiu.VyazovES.Sprint0.Task4.V0.Lib.csproj", "{AD599611-5219-443B-BBF6-76E50DBBC2FE}"
EndProject
Project("{FAE04EC0-301F-11D3-BF4B-00C04F79EFBC}") = "Tyuiu.VyazovES.Sprint0.Task4.V0.Test", "Tyuiu.VyazovES.Sprint0.Task4.V0.Test\Tyuiu.VyazovES.Sprint0.Task4.V0.Test.csproj", "{63545F3E-94BB-41A1-AA3B-5E08F062EC5F}"
EndProject
Global
	GlobalSection(SolutionConfigurationPlatforms) = preSolution
		Debug|Any CPU = Debug|Any CPU
		Release|Any CPU = Release|Any CPU
	EndGlobalSection
	GlobalSection(ProjectConfigurationPlatforms) = postSolution
		{658C7B8D-826B-4EDF-8C62-AAF10DEE70E1}.Debug|Any CPU.ActiveCfg = Debug|Any CPU
		{658C7B8D-826B-4EDF-8C62-AAF10DEE70E1}.Debug|Any CPU.Build.0 = Debug|Any CPU
		{658C7B8D-826B-4EDF-8C62-AAF10DEE70E1}.Release|Any CPU.ActiveCfg = Release|Any CPU
		{658C7B8D-826B-4EDF-8C62-AAF10DEE70E1}.Release|Any CPU.Build.0 = Release|Any CPU
		{27BDD43E-1F76-4688-8894-F0AC2814E1D8}.Debug|Any CPU.ActiveCfg = Debug|Any CPU
		{27BDD43E-1F76-4688-8894-F0AC2814E1D8}.Debug|Any CPU.Build.0 = Debug|Any CPU
		{27BDD43E-1F76-4688-8894-F0AC2814E1D8}.Release|Any CPU.ActiveCfg = Release|Any CPU
		{27BDD43E-1F76-4688-8894-F0AC2814E1D8}.Release|Any CPU.Build.0 = Release|Any CPU
		{47C63FE3-D582-4658-B8F3-74FD5B3244F6}.Debug|Any CPU.ActiveCfg = Debug|Any CPU
		{47C63FE3-D582-4658-B8F3-74FD5B3244F6}.Debug|Any CPU.Build.0 = Debug|Any CPU
		{47C63FE3-D582-4658-B8F3-74FD5B3244F6}.Release|Any CPU.ActiveCfg = Release|Any CPU
		{47C63FE3-D582-4658-B8F3-74FD5B3244F6}.Release|Any CPU.Build.0 = Release|Any CPU
		{E83BBE19-ABB4-4969-9238-FA890B9B9B6D}.Debug|Any CPU.ActiveCfg = Debug|Any CPU
		{E83BBE19-ABB4-4969-9238-FA890B9B9B6D}.Debug|Any CPU.Build.0 = Debug|Any CPU
		{E83BBE19-ABB4-4969-9238-FA890B9B9B6D}.Release|Any CPU.ActiveCfg = Release|Any CPU
		{E83BBE19-ABB4-4969-9238-FA890B9B9B6D}.Release|Any CPU.Build.0 = Release|Any CPU
		{C1BA9F95-0CDA-4AAC-B915-4E59C34D41A0}.Debug|Any CPU.ActiveCfg = Debug|Any CPU
		{C1BA9F95-0CDA-4AAC-B915-4E59C34D41A0}.Debug|Any CPU.Build.0 = Debug|Any CPU
		{C1BA9F95-0CDA-4AAC-B915-4E59C34D41A0}.Release|Any CPU.ActiveCfg = Release|Any CPU
		{C1BA9F95-0CDA-4AAC-B915-4E59C34D41A0}.Release|Any CPU.Build.0 = Release|Any CPU
		{7F98F3B7-5AA8-4934-AD16-4682B2D276B4}.Debug|Any CPU.ActiveCfg = Debug|Any CPU
		{7F98F3B7-5AA8-4934-AD16-4682B2D276B4}.Debug|Any CPU.Build.0 = Debug|Any CPU
		{7F98F3B7-5AA8-4934-AD16-4682B2D276B4}.Release|Any CPU.ActiveCfg = Release|Any CPU
		{7F98F3B7-5AA8-4934-AD16-4682B2D276B4}.Release|Any CPU.Build.0 = Release|Any CPU
		{C5A8AD38-4D3F-441D-B894-5D119AB83BD7}.Debug|Any CPU.ActiveCfg = Debug|Any CPU
		{C5A8AD38-4D3F-441D-B894-5D119AB83BD7}.Debug|Any CPU.Build.0 = Debug|Any CPU
		{C5A8AD38-4D3F-441D-B894-5D119AB83BD7}.Release|Any CPU.ActiveCfg = Release|Any CPU
		{C5A8AD38-4D3F-441D-B894-5D119AB83BD7}.Release|Any CPU.Build.0 = Release|Any CPU
		{4AE2C770-E463-4F1E-A33E-1024834BC3C6}.Debug|Any CPU.ActiveCfg = Debug|Any CPU
		{4AE2C770-E463-4F1E-A33E-1024834BC3C6}.Debug|Any CPU.Build.0 = Debug|Any CPU
		{4AE2C770-E463-4F1E-A33E-1024834BC3C6}.Release|Any CPU.ActiveCfg = Release|Any CPU
		{4AE2C770-E463-4F1E-A33E-1024834BC3C6}.Release|Any CPU.Build.0 = Release|Any CPU
		{CF8F4D73-917B-4E47-B206-DC76E96C2629}.Debug|Any CPU.ActiveCfg = Debug|Any CPU
		{CF8F4D73-917B-4E47-B206-DC76E96C2629}.Debug|Any CPU.Build.0 = Debug|Any CPU
		{CF8F4D73-917B-4E47-B206-DC76E96C2629}.Release|Any CPU.ActiveCfg = Release|Any CPU
		{CF8F4D73-917B-4E47-B206-DC76E96C2629}.Release|Any CPU.Build.0 = Release|Any CPU
		{AD599611-5219-443B-BBF6-76E50DBBC2FE}.Debug|Any CPU.ActiveCfg = Debug|Any CPU
		{AD599611-5219-443B-BBF6-76E50DBBC2FE}.Debug|Any CPU.Build.0 = Debug|Any CPU
		{AD599611-5219-443B-BBF6-76E50DBBC2FE}.Release|Any CPU.ActiveCfg = Release|Any CPU
		{AD599611-5219-443B-BBF6-76E50DBBC2FE}.Release|Any CPU.Build.0 = Release|Any CPU
		{63545F3E-94BB-41A1-AA3B-5E08F062EC5F}.Debug|Any CPU.ActiveCfg = Debug|Any CPU
		{63545F3E-94BB-41A1-AA3B-5E08F062EC5F}.Debug|Any CPU.Build.0 = Debug|Any CPU
		{63545F3E-94BB-41A1-AA3B-5E08F062EC5F}.Release|Any CPU.ActiveCfg = Release|Any CPU
		{63545F3E-94BB-41A1-AA3B-5E08F062EC5F}.Release|Any CPU.Build.0 = Release|Any CPU
	EndGlobalSection
	GlobalSection(SolutionProperties) = preSolution
		HideSolutionNode = FALSE
	EndGlobalSection
	GlobalSection(NestedProjects) = preSolution
		{658C7B8D-826B-4EDF-8C62-AAF10DEE70E1} = {3F6B807D-6082-4698-BDBC-F4B93308C276}
		{27BDD43E-1F76-4688-8894-F0AC2814E1D8} = {26F94DC8-60B8-4CFF-A75C-19DB9AF6DA61}
		{47C63FE3-D582-4658-B8F3-74FD5B3244F6} = {E35E7EE3-8C24-4811-A380-95C8E1979E7A}
		{E83BBE19-ABB4-4969-9238-FA890B9B9B6D} = {E35E7EE3-8C24-4811-A380-95C8E1979E7A}
		{C1BA9F95-0CDA-4AAC-B915-4E59C34D41A0} = {E35E7EE3-8C24-4811-A380-95C8E1979E7A}
		{7F98F3B7-5AA8-4934-AD16-4682B2D276B4} = {ED054F71-D5F2-4E60-955C-E8FCC182E116}
		{C5A8AD38-4D3F-441D-B894-5D119AB83BD7} = {ED054F71-D5F2-4E60-955C-E8FCC182E116}
		{4AE2C770-E463-4F1E-A33E-1024834BC3C6} = {ED054F71-D5F2-4E60-955C-E8FCC182E116}
		{CF8F4D73-917B-4E47-B206-DC76E96C2629} = {99D4F24E-959B-403D-9427-E12421593673}
		{AD599611-5219-443B-BBF6-76E50DBBC2FE} = {99D4F24E-959B-403D-9427-E12421593673}
		{63545F3E-94BB-41A1-AA3B-5E08F062EC5F} = {99D4F24E-959B-403D-9427-E12421593673}
	EndGlobalSection
	GlobalSection(ExtensibilityGlobals) = postSolution
		SolutionGuid = {99534536-63E2-4B67-A291-EF46B1AE517C}
	EndGlobalSection
EndGlobal
